{
  "name": "ngx-wig",
  "version": "2.0.0",
  "lockfileVersion": 1,
  "requires": true,
  "dependencies": {
    "@fortawesome/fontawesome-common-types": {
      "version": "0.2.12",
      "resolved": "https://registry.npmjs.org/@fortawesome/fontawesome-common-types/-/fontawesome-common-types-0.2.12.tgz",
      "integrity": "sha512-ISLNpEx6fhJTYYkvBeo/4DHeL5EIA+VybJoOOnH67m6uXt6V6VFizdEN4qchHagNIeZfzI0LnA22gk0wbVPv/g=="
    },
    "@fortawesome/fontawesome-svg-core": {
      "version": "1.2.12",
      "resolved": "https://registry.npmjs.org/@fortawesome/fontawesome-svg-core/-/fontawesome-svg-core-1.2.12.tgz",
      "integrity": "sha512-cqTfa3vZ+Z9UYQnmLfCOwyLnf0Xcoxkmm/BSaI29Yikzu9zIeD4es7lBZMDqLOXYSEQC+rCr8caxFlGJcJVA+w==",
      "requires": {
        "@fortawesome/fontawesome-common-types": "^0.2.12"
      }
    }
  }
}
